
Microsoft Visual Studio Solution File, Format Version 12.00
# Visual Studio Version 17
VisualStudioVersion = 17.8.34511.84
MinimumVisualStudioVersion = 10.0.40219.1
Project("{FAE04EC0-301F-11D3-BF4B-00C04F79EFBC}") = "Task5", "Task5\Task5.csproj", "{05E51C2B-0C63-4045-BD5C-0CF106E9796A}"
EndProject
Global
	GlobalSection(SolutionConfigurationPlatforms) = preSolution
		Debug|Any CPU = Debug|Any CPU
		Release|Any CPU = Release|Any CPU
	EndGlobalSection
	GlobalSection(ProjectConfigurationPlatforms) = postSolution
		{05E51C2B-0C63-4045-BD5C-0CF106E9796A}.Debug|Any CPU.ActiveCfg = Debug|Any CPU
		{05E51C2B-0C63-4045-BD5C-0CF106E9796A}.Debug|Any CPU.Build.0 = Debug|Any CPU
		{05E51C2B-0C63-4045-BD5C-0CF106E9796A}.Release|Any CPU.ActiveCfg = Release|Any CPU
		{05E51C2B-0C63-4045-BD5C-0CF106E9796A}.Release|Any CPU.Build.0 = Release|Any CPU
	EndGlobalSection
	GlobalSection(SolutionProperties) = preSolution
		HideSolutionNode = FALSE
	EndGlobalSection
	GlobalSection(ExtensibilityGlobals) = postSolution
		SolutionGuid = {3B19A820-C6D0-4888-95AC-2212BEACB25D}
	EndGlobalSection
EndGlobal
